// !$*UTF8*$!
{
	archiveVersion = 1;
	classes = {
	};
	objectVersion = 77;
	objects = {

/* Begin PBXContainerItemProxy section */
		0CEA1E5B2FC4D6DE00CD9B77 /* PBXContainerItemProxy */ = {
			isa = PBXContainerItemProxy;
			containerPortal = 0CEA1E452FC4D6DC00CD9B77 /* Project object */;
			proxyType = 1;
			remoteGlobalIDString = 0CEA1E4C2FC4D6DC00CD9B77;
			remoteInfo = "Gita-Abhyasa";
		};
		0CEA1E652FC4D6DE00CD9B77 /* PBXContainerItemProxy */ = {
			isa = PBXContainerItemProxy;
			containerPortal = 0CEA1E452FC4D6DC00CD9B77 /* Project object */;
			proxyType = 1;
			remoteGlobalIDString = 0CEA1E4C2FC4D6DC00CD9B77;
			remoteInfo = "Gita-Abhyasa";
		};
/* End PBXContainerItemProxy section */

/* Begin PBXFileReference section */
		0CEA1E4D2FC4D6DC00CD9B77 /* Gita-Abhyasa.app */ = {isa = PBXFileReference; explicitFileType = wrapper.application; includeInIndex = 0; path = "Gita-Abhyasa.app"; sourceTree = BUILT_PRODUCTS_DIR; };
		0CEA1E5A2FC4D6DE00CD9B77 /* Gita-AbhyasaTests.xctest */ = {isa = PBXFileReference; explicitFileType = wrapper.cfbundle; includeInIndex = 0; path = "Gita-AbhyasaTests.xctest"; sourceTree = BUILT_PRODUCTS_DIR; };
		0CEA1E642FC4D6DE00CD9B77 /* Gita-AbhyasaUITests.xctest */ = {isa = PBXFileReference; explicitFileType = wrapper.cfbundle; includeInIndex = 0; path = "Gita-AbhyasaUITests.xctest"; sourceTree = BUILT_PRODUCTS_DIR; };
/* End PBXFileReference section */

/* Begin PBXFileSystemSynchronizedRootGroup section */
		0CEA1E4F2FC4D6DC00CD9B77 /* Gita-Abhyasa */ = {
			isa = PBXFileSystemSynchronizedRootGroup;
			path = "Gita-Abhyasa";
			sourceTree = "<group>";
		};
		0CEA1E5D2FC4D6DE00CD9B77 /* Gita-AbhyasaTests */ = {
			isa = PBXFileSystemSynchronizedRootGroup;
			path = "Gita-AbhyasaTests";
			sourceTree = "<group>";
		};
		0CEA1E672FC4D6DE00CD9B77 /* Gita-AbhyasaUITests */ = {
			isa = PBXFileSystemSynchronizedRootGroup;
			path = "Gita-AbhyasaUITests";
			sourceTree = "<group>";
		};
/* End PBXFileSystemSynchronizedRootGroup section */

/* Begin PBXFrameworksBuildPhase section */
		0CEA1E4A2FC4D6DC00CD9B77 /* Frameworks */ = {
			isa = PBXFrameworksBuildPhase;
			buildActionMask = 2147483647;
			files = (
			);
			runOnlyForDeploymentPostprocessing = 0;
		};
		0CEA1E572FC4D6DE00CD9B77 /* Frameworks */ = {
			isa = PBXFrameworksBuildPhase;
			buildActionMask = 2147483647;
			files = (
			);
			runOnlyForDeploymentPostprocessing = 0;
		};
		0CEA1E612FC4D6DE00CD9B77 /* Frameworks */ = {
			isa = PBXFrameworksBuildPhase;
			buildActionMask = 2147483647;
			files = (
			);
			runOnlyForDeploymentPostprocessing = 0;
		};
/* End PBXFrameworksBuildPhase section */

/* Begin PBXGroup section */
		0CEA1E442FC4D6DC00CD9B77 = {
			isa = PBXGroup;
			children = (
				0CEA1E4F2FC4D6DC00CD9B77 /* Gita-Abhyasa */,
				0CEA1E5D2FC4D6DE00CD9B77 /* Gita-AbhyasaTests */,
				0CEA1E672FC4D6DE00CD9B77 /* Gita-AbhyasaUITests */,
				0CEA1E4E2FC4D6DC00CD9B77 /* Products */,
			);
			sourceTree = "<group>";
		};
		0CEA1E4E2FC4D6DC00CD9B77 /* Products */ = {
			isa = PBXGroup;
			children = (
				0CEA1E4D2FC4D6DC00CD9B77 /* Gita-Abhyasa.app */,
				0CEA1E5A2FC4D6DE00CD9B77 /* Gita-AbhyasaTests.xctest */,
				0CEA1E642FC4D6DE00CD9B77 /* Gita-AbhyasaUITests.xctest */,
			);
			name = Products;
			sourceTree = "<group>";
		};
/* End PBXGroup section */

/* Begin PBXNativeTarget section */
		0CEA1E4C2FC4D6DC00CD9B77 /* Gita-Abhyasa */ = {
			isa = PBXNativeTarget;
			buildConfigurationList = 0CEA1E6E2FC4D6DE00CD9B77 /* Build configuration list for PBXNativeTarget "Gita-Abhyasa" */;
			buildPhases = (
				0CEA1E492FC4D6DC00CD9B77 /* Sources */,
				0CEA1E4A2FC4D6DC00CD9B77 /* Frameworks */,
				0CEA1E4B2FC4D6DC00CD9B77 /* Resources */,
			);
			buildRules = (
			);
			dependencies = (
			);
			fileSystemSynchronizedGroups = (
				0CEA1E4F2FC4D6DC00CD9B77 /* Gita-Abhyasa */,
			);
			name = "Gita-Abhyasa";
			packageProductDependencies = (
			);
			productName = "Gita-Abhyasa";
			productReference = 0CEA1E4D2FC4D6DC00CD9B77 /* Gita-Abhyasa.app */;
			productType = "com.apple.product-type.application";
		};
		0CEA1E592FC4D6DE00CD9B77 /* Gita-AbhyasaTests */ = {
			isa = PBXNativeTarget;
			buildConfigurationList = 0CEA1E712FC4D6DE00CD9B77 /* Build configuration list for PBXNativeTarget "Gita-AbhyasaTests" */;
			buildPhases = (
				0CEA1E562FC4D6DE00CD9B77 /* Sources */,
				0CEA1E572FC4D6DE00CD9B77 /* Frameworks */,
				0CEA1E582FC4D6DE00CD9B77 /* Resources */,
			);
			buildRules = (
			);
			dependencies = (
				0CEA1E5C2FC4D6DE00CD9B77 /* PBXTargetDependency */,
			);
			fileSystemSynchronizedGroups = (
				0CEA1E5D2FC4D6DE00CD9B77 /* Gita-AbhyasaTests */,
			);
			name = "Gita-AbhyasaTests";
			packageProductDependencies = (
			);
			productName = "Gita-AbhyasaTests";
			productReference = 0CEA1E5A2FC4D6DE00CD9B77 /* Gita-AbhyasaTests.xctest */;
			productType = "com.apple.product-type.bundle.unit-test";
		};
		0CEA1E632FC4D6DE00CD9B77 /* Gita-AbhyasaUITests */ = {
			isa = PBXNativeTarget;
			buildConfigurationList = 0CEA1E742FC4D6DE00CD9B77 /* Build configuration list for PBXNativeTarget "Gita-AbhyasaUITests" */;
			buildPhases = (
				0CEA1E602FC4D6DE00CD9B77 /* Sources */,
				0CEA1E612FC4D6DE00CD9B77 /* Frameworks */,
				0CEA1E622FC4D6DE00CD9B77 /* Resources */,
			);
			buildRules = (
			);
			dependencies = (
				0CEA1E662FC4D6DE00CD9B77 /* PBXTargetDependency */,
			);
			fileSystemSynchronizedGroups = (
				0CEA1E672FC4D6DE00CD9B77 /* Gita-AbhyasaUITests */,
			);
			name = "Gita-AbhyasaUITests";
			packageProductDependencies = (
			);
			productName = "Gita-AbhyasaUITests";
			productReference = 0CEA1E642FC4D6DE00CD9B77 /* Gita-AbhyasaUITests.xctest */;
			productType = "com.apple.product-type.bundle.ui-testing";
		};
/* End PBXNativeTarget section */

/* Begin PBXProject section */
		0CEA1E452FC4D6DC00CD9B77 /* Project object */ = {
			isa = PBXProject;
			attributes = {
				BuildIndependentTargetsInParallel = 1;
				LastSwiftUpdateCheck = 2650;
				LastUpgradeCheck = 2650;
				TargetAttributes = {
					0CEA1E4C2FC4D6DC00CD9B77 = {
						CreatedOnToolsVersion = 26.5;
					};
					0CEA1E592FC4D6DE00CD9B77 = {
						CreatedOnToolsVersion = 26.5;
						TestTargetID = 0CEA1E4C2FC4D6DC00CD9B77;
					};
					0CEA1E632FC4D6DE00CD9B77 = {
						CreatedOnToolsVersion = 26.5;
						TestTargetID = 0CEA1E4C2FC4D6DC00CD9B77;
					};
				};
			};
			buildConfigurationList = 0CEA1E482FC4D6DC00CD9B77 /* Build configuration list for PBXProject "Gita-Abhyasa" */;
			developmentRegion = en;
			hasScannedForEncodings = 0;
			knownRegions = (
				en,
				Base,
			);
			mainGroup = 0CEA1E442FC4D6DC00CD9B77;
			minimizedProjectReferenceProxies = 1;
			preferredProjectObjectVersion = 77;
			productRefGroup = 0CEA1E4E2FC4D6DC00CD9B77 /* Products */;
			projectDirPath = "";
			projectRoot = "";
			targets = (
				0CEA1E4C2FC4D6DC00CD9B77 /* Gita-Abhyasa */,
				0CEA1E592FC4D6DE00CD9B77 /* Gita-AbhyasaTests */,
				0CEA1E632FC4D6DE00CD9B77 /* Gita-AbhyasaUITests */,
			);
		};
/* End PBXProject section */

/* Begin PBXResourcesBuildPhase section */
		0CEA1E4B2FC4D6DC00CD9B77 /* Resources */ = {
			isa = PBXResourcesBuildPhase;
			buildActionMask = 2147483647;
			files = (
			);
			runOnlyForDeploymentPostprocessing = 0;
		};
		0CEA1E582FC4D6DE00CD9B77 /* Resources */ = {
			isa = PBXResourcesBuildPhase;
			buildActionMask = 2147483647;
			files = (
			);
			runOnlyForDeploymentPostprocessing = 0;
		};
		0CEA1E622FC4D6DE00CD9B77 /* Resources */ = {
			isa = PBXResourcesBuildPhase;
			buildActionMask = 2147483647;
			files = (
			);
			runOnlyForDeploymentPostprocessing = 0;
		};
/* End PBXResourcesBuildPhase section */

/* Begin PBXSourcesBuildPhase section */
		0CEA1E492FC4D6DC00CD9B77 /* Sources */ = {
			isa = PBXSourcesBuildPhase;
			buildActionMask = 2147483647;
			files = (
			);
			runOnlyForDeploymentPostprocessing = 0;
		};
		0CEA1E562FC4D6DE00CD9B77 /* Sources */ = {
			isa = PBXSourcesBuildPhase;
			buildActionMask = 2147483647;
			files = (
			);
			runOnlyForDeploymentPostprocessing = 0;
		};
		0CEA1E602FC4D6DE00CD9B77 /* Sources */ = {
			isa = PBXSourcesBuildPhase;
			buildActionMask = 2147483647;
			files = (
			);
			runOnlyForDeploymentPostprocessing = 0;
		};
/* End PBXSourcesBuildPhase section */

/* Begin PBXTargetDependency section */
		0CEA1E5C2FC4D6DE00CD9B77 /* PBXTargetDependency */ = {
			isa = PBXTargetDependency;
			target = 0CEA1E4C2FC4D6DC00CD9B77 /* Gita-Abhyasa */;
			targetProxy = 0CEA1E5B2FC4D6DE00CD9B77 /* PBXContainerItemProxy */;
		};
		0CEA1E662FC4D6DE00CD9B77 /* PBXTargetDependency */ = {
			isa = PBXTargetDependency;
			target = 0CEA1E4C2FC4D6DC00CD9B77 /* Gita-Abhyasa */;
			targetProxy = 0CEA1E652FC4D6DE00CD9B77 /* PBXContainerItemProxy */;
		};
/* End PBXTargetDependency section */

/* Begin XCBuildConfiguration section */
		0CEA1E6C2FC4D6DE00CD9B77 /* Debug */ = {
			isa = XCBuildConfiguration;
			buildSettings = {
				ALWAYS_SEARCH_USER_PATHS = NO;
				ASSETCATALOG_COMPILER_GENERATE_SWIFT_ASSET_SYMBOL_EXTENSIONS = YES;
				CLANG_ANALYZER_NONNULL = YES;
				CLANG_ANALYZER_NUMBER_OBJECT_CONVERSION = YES_AGGRESSIVE;
				CLANG_CXX_LANGUAGE_STANDARD = "gnu++20";
				CLANG_ENABLE_MODULES = YES;
				CLANG_ENABLE_OBJC_ARC = YES;
				CLANG_ENABLE_OBJC_WEAK = YES;
				CLANG_WARN_BLOCK_CAPTURE_AUTORELEASING = YES;
				CLANG_WARN_BOOL_CONVERSION = YES;
				CLANG_WARN_COMMA = YES;
				CLANG_WARN_CONSTANT_CONVERSION = YES;
				CLANG_WARN_DEPRECATED_OBJC_IMPLEMENTATIONS = YES;
				CLANG_WARN_DIRECT_OBJC_ISA_USAGE = YES_ERROR;
				CLANG_WARN_DOCUMENTATION_COMMENTS = YES;
				CLANG_WARN_EMPTY_BODY = YES;
				CLANG_WARN_ENUM_CONVERSION = YES;
				CLANG_WARN_INFINITE_RECURSION = YES;
				CLANG_WARN_INT_CONVERSION = YES;
				CLANG_WARN_NON_LITERAL_NULL_CONVERSION = YES;
				CLANG_WARN_OBJC_IMPLICIT_RETAIN_SELF = YES;
				CLANG_WARN_OBJC_LITERAL_CONVERSION = YES;
				CLANG_WARN_OBJC_ROOT_CLASS = YES_ERROR;
				CLANG_WARN_QUOTED_INCLUDE_IN_FRAMEWORK_HEADER = YES;
				CLANG_WARN_RANGE_LOOP_ANALYSIS = YES;
				CLANG_WARN_STRICT_PROTOTYPES = YES;
				CLANG_WARN_SUSPICIOUS_MOVE = YES;
				CLANG_WARN_UNGUARDED_AVAILABILITY = YES_AGGRESSIVE;
				CLANG_WARN_UNREACHABLE_CODE = YES;
				CLANG_WARN__DUPLICATE_METHOD_MATCH = YES;
				COPY_PHASE_STRIP = NO;
				DEBUG_INFORMATION_FORMAT = dwarf;
				ENABLE_STRICT_OBJC_MSGSEND = YES;
				ENABLE_TESTABILITY = YES;
				ENABLE_USER_SCRIPT_SANDBOXING = YES;
				GCC_C_LANGUAGE_STANDARD = gnu17;
				GCC_DYNAMIC_NO_PIC = NO;
				GCC_NO_COMMON_BLOCKS = YES;
				GCC_OPTIMIZATION_LEVEL = 0;
				GCC_PREPROCESSOR_DEFINITIONS = (
					"DEBUG=1",
					"$(inherited)",
				);
				GCC_WARN_64_TO_32_BIT_CONVERSION = YES;
				GCC_WARN_ABOUT_RETURN_TYPE = YES_ERROR;
				GCC_WARN_UNDECLARED_SELECTOR = YES;
				GCC_WARN_UNINITIALIZED_AUTOS = YES_AGGRESSIVE;
				GCC_WARN_UNUSED_FUNCTION = YES;
				GCC_WARN_UNUSED_VARIABLE = YES;
				IPHONEOS_DEPLOYMENT_TARGET = 18.6;
				LOCALIZATION_PREFERS_STRING_CATALOGS = YES;
				MTL_ENABLE_DEBUG_INFO = INCLUDE_SOURCE;
				MTL_FAST_MATH = YES;
				ONLY_ACTIVE_ARCH = YES;
				SDKROOT = iphoneos;
				SWIFT_ACTIVE_COMPILATION_CONDITIONS = "DEBUG $(inherited)";
				SWIFT_OPTIMIZATION_LEVEL = "-Onone";
			};
			name = Debug;
		};
		0CEA1E6D2FC4D6DE00CD9B77 /* Release */ = {
			isa = XCBuildConfiguration;
			buildSettings = {
				ALWAYS_SEARCH_USER_PATHS = NO;
				ASSETCATALOG_COMPILER_GENERATE_SWIFT_ASSET_SYMBOL_EXTENSIONS = YES;
				CLANG_ANALYZER_NONNULL = YES;
				CLANG_ANALYZER_NUMBER_OBJECT_CONVERSION = YES_AGGRESSIVE;
				CLANG_CXX_LANGUAGE_STANDARD = "gnu++20";
				CLANG_ENABLE_MODULES = YES;
				CLANG_ENABLE_OBJC_ARC = YES;
				CLANG_ENABLE_OBJC_WEAK = YES;
				CLANG_WARN_BLOCK_CAPTURE_AUTORELEASING = YES;
				CLANG_WARN_BOOL_CONVERSION = YES;
				CLANG_WARN_COMMA = YES;
				CLANG_WARN_CONSTANT_CONVERSION = YES;
				CLANG_WARN_DEPRECATED_OBJC_IMPLEMENTATIONS = YES;
				CLANG_WARN_DIRECT_OBJC_ISA_USAGE = YES_ERROR;
				CLANG_WARN_DOCUMENTATION_COMMENTS = YES;
				CLANG_WARN_EMPTY_BODY = YES;
				CLANG_WARN_ENUM_CONVERSION = YES;
				CLANG_WARN_INFINITE_RECURSION = YES;
				CLANG_WARN_INT_CONVERSION = YES;
				CLANG_WARN_NON_LITERAL_NULL_CONVERSION = YES;
				CLANG_WARN_OBJC_IMPLICIT_RETAIN_SELF = YES;
				CLANG_WARN_OBJC_LITERAL_CONVERSION = YES;
				CLANG_WARN_OBJC_ROOT_CLASS = YES_ERROR;
				CLANG_WARN_QUOTED_INCLUDE_IN_FRAMEWORK_HEADER = YES;
				CLANG_WARN_RANGE_LOOP_ANALYSIS = YES;
				CLANG_WARN_STRICT_PROTOTYPES = YES;
				CLANG_WARN_SUSPICIOUS_MOVE = YES;
				CLANG_WARN_UNGUARDED_AVAILABILITY = YES_AGGRESSIVE;
				CLANG_WARN_UNREACHABLE_CODE = YES;
				CLANG_WARN__DUPLICATE_METHOD_MATCH = YES;
				COPY_PHASE_STRIP = NO;
				DEBUG_INFORMATION_FORMAT = "dwarf-with-dsym";
				ENABLE_NS_ASSERTIONS = NO;
				ENABLE_STRICT_OBJC_MSGSEND = YES;
				ENABLE_USER_SCRIPT_SANDBOXING = YES;
				GCC_C_LANGUAGE_STANDARD = gnu17;
				GCC_NO_COMMON_BLOCKS = YES;
				GCC_WARN_64_TO_32_BIT_CONVERSION = YES;
				GCC_WARN_ABOUT_RETURN_TYPE = YES_ERROR;
				GCC_WARN_UNDECLARED_SELECTOR = YES;
				GCC_WARN_UNINITIALIZED_AUTOS = YES_AGGRESSIVE;
				GCC_WARN_UNUSED_FUNCTION = YES;
				GCC_WARN_UNUSED_VARIABLE = YES;
				IPHONEOS_DEPLOYMENT_TARGET = 18.6;
				LOCALIZATION_PREFERS_STRING_CATALOGS = YES;
				MTL_ENABLE_DEBUG_INFO = NO;
				MTL_FAST_MATH = YES;
				SDKROOT = iphoneos;
				SWIFT_COMPILATION_MODE = wholemodule;
				VALIDATE_PRODUCT = YES;
			};
			name = Release;
		};
		0CEA1E6F2FC4D6DE00CD9B77 /* Debug */ = {
			isa = XCBuildConfiguration;
			buildSettings = {
				ASSETCATALOG_COMPILER_APPICON_NAME = AppIcon;
				ASSETCATALOG_COMPILER_GLOBAL_ACCENT_COLOR_NAME = AccentColor;
				CODE_SIGN_STYLE = Automatic;
				CURRENT_PROJECT_VERSION = 1;
				DEVELOPMENT_TEAM = 7D4N8KC583;
				ENABLE_PREVIEWS = YES;
				GENERATE_INFOPLIST_FILE = YES;
				INFOPLIST_KEY_CFBundleDisplayName = "Bhagavad Gita";
				INFOPLIST_KEY_LSApplicationCategoryType = "public.app-category.reference";
				INFOPLIST_KEY_UIApplicationSceneManifest_Generation = YES;
				INFOPLIST_KEY_UIApplicationSupportsIndirectInputEvents = YES;
				INFOPLIST_KEY_UILaunchScreen_Generation = YES;
				INFOPLIST_KEY_UIStatusBarStyle = "";
				INFOPLIST_KEY_UISupportedInterfaceOrientations_iPad = "UIInterfaceOrientationPortrait UIInterfaceOrientationPortraitUpsideDown UIInterfaceOrientationLandscapeLeft UIInterfaceOrientationLandscapeRight";
				INFOPLIST_KEY_UISupportedInterfaceOrientations_iPhone = "UIInterfaceOrientationPortrait UIInterfaceOrientationLandscapeLeft UIInterfaceOrientationLandscapeRight";
				IPHONEOS_DEPLOYMENT_TARGET = 18.6;
				LD_RUNPATH_SEARCH_PATHS = (
					"$(inherited)",
					"@executable_path/Frameworks",
				);
				MARKETING_VERSION = 1.0;
				PRODUCT_BUNDLE_IDENTIFIER = info.gita.abhyasa.bhagavadgita;
				PRODUCT_NAME = "$(TARGET_NAME)";
				STRING_CATALOG_GENERATE_SYMBOLS = YES;
				SUPPORTED_PLATFORMS = "iphoneos iphonesimulator";
				SUPPORTS_MACCATALYST = NO;
				SUPPORTS_MAC_DESIGNED_FOR_IPHONE_IPAD = YES;
				SWIFT_APPROACHABLE_CONCURRENCY = YES;
				SWIFT_DEFAULT_ACTOR_ISOLATION = MainActor;
				SWIFT_EMIT_LOC_STRINGS = YES;
				SWIFT_UPCOMING_FEATURE_MEMBER_IMPORT_VISIBILITY = YES;
				SWIFT_VERSION = 5.0;
				TARGETED_DEVICE_FAMILY = "1,2";
			};
			name = Debug;
		};
		0CEA1E702FC4D6DE00CD9B77 /* Release */ = {
			isa = XCBuildConfiguration;
			buildSettings = {
				ASSETCATALOG_COMPILER_APPICON_NAME = AppIcon;
				ASSETCATALOG_COMPILER_GLOBAL_ACCENT_COLOR_NAME = AccentColor;
				CODE_SIGN_STYLE = Automatic;
				CURRENT_PROJECT_VERSION = 1;
				DEVELOPMENT_TEAM = 7D4N8KC583;
				ENABLE_PREVIEWS = YES;
				GENERATE_INFOPLIST_FILE = YES;
				INFOPLIST_KEY_CFBundleDisplayName = "Bhagavad Gita";
				INFOPLIST_KEY_LSApplicationCategoryType = "public.app-category.reference";
				INFOPLIST_KEY_UIApplicationSceneManifest_Generation = YES;
				INFOPLIST_KEY_UIApplicationSupportsIndirectInputEvents = YES;
				INFOPLIST_KEY_UILaunchScreen_Generation = YES;
				INFOPLIST_KEY_UIStatusBarStyle = "";
				INFOPLIST_KEY_UISupportedInterfaceOrientations_iPad = "UIInterfaceOrientationPortrait UIInterfaceOrientationPortraitUpsideDown UIInterfaceOrientationLandscapeLeft UIInterfaceOrientationLandscapeRight";
				INFOPLIST_KEY_UISupportedInterfaceOrientations_iPhone = "UIInterfaceOrientationPortrait UIInterfaceOrientationLandscapeLeft UIInterfaceOrientationLandscapeRight";
				IPHONEOS_DEPLOYMENT_TARGET = 18.6;
				LD_RUNPATH_SEARCH_PATHS = (
					"$(inherited)",
					"@executable_path/Frameworks",
				);
				MARKETING_VERSION = 1.0;
				PRODUCT_BUNDLE_IDENTIFIER = info.gita.abhyasa.bhagavadgita;
				PRODUCT_NAME = "$(TARGET_NAME)";
				STRING_CATALOG_GENERATE_SYMBOLS = YES;
				SUPPORTED_PLATFORMS = "iphoneos iphonesimulator";
				SUPPORTS_MACCATALYST = NO;
				SUPPORTS_MAC_DESIGNED_FOR_IPHONE_IPAD = YES;
				SWIFT_APPROACHABLE_CONCURRENCY = YES;
				SWIFT_DEFAULT_ACTOR_ISOLATION = MainActor;
				SWIFT_EMIT_LOC_STRINGS = YES;
				SWIFT_UPCOMING_FEATURE_MEMBER_IMPORT_VISIBILITY = YES;
				SWIFT_VERSION = 5.0;
				TARGETED_DEVICE_FAMILY = "1,2";
			};
			name = Release;
		};
		0CEA1E722FC4D6DE00CD9B77 /* Debug */ = {
			isa = XCBuildConfiguration;
			buildSettings = {
				BUNDLE_LOADER = "$(TEST_HOST)";
				CODE_SIGN_STYLE = Automatic;
				CURRENT_PROJECT_VERSION = 1;
				GENERATE_INFOPLIST_FILE = YES;
				IPHONEOS_DEPLOYMENT_TARGET = 18.6;
				MARKETING_VERSION = 1.0;
				PRODUCT_BUNDLE_IDENTIFIER = "info.gita.abhyasa.Gita-AbhyasaTests";
				PRODUCT_NAME = "$(TARGET_NAME)";
				STRING_CATALOG_GENERATE_SYMBOLS = NO;
				SWIFT_APPROACHABLE_CONCURRENCY = YES;
				SWIFT_EMIT_LOC_STRINGS = NO;
				SWIFT_UPCOMING_FEATURE_MEMBER_IMPORT_VISIBILITY = YES;
				SWIFT_VERSION = 5.0;
				TARGETED_DEVICE_FAMILY = "1,2";
				TEST_HOST = "$(BUILT_PRODUCTS_DIR)/Gita-Abhyasa.app/$(BUNDLE_EXECUTABLE_FOLDER_PATH)/Gita-Abhyasa";
			};
			name = Debug;
		};
		0CEA1E732FC4D6DE00CD9B77 /* Release */ = {
			isa = XCBuildConfiguration;
			buildSettings = {
				BUNDLE_LOADER = "$(TEST_HOST)";
				CODE_SIGN_STYLE = Automatic;
				CURRENT_PROJECT_VERSION = 1;
				GENERATE_INFOPLIST_FILE = YES;
				IPHONEOS_DEPLOYMENT_TARGET = 18.6;
				MARKETING_VERSION = 1.0;
				PRODUCT_BUNDLE_IDENTIFIER = "info.gita.abhyasa.Gita-AbhyasaTests";
				PRODUCT_NAME = "$(TARGET_NAME)";
				STRING_CATALOG_GENERATE_SYMBOLS = NO;
				SWIFT_APPROACHABLE_CONCURRENCY = YES;
				SWIFT_EMIT_LOC_STRINGS = NO;
				SWIFT_UPCOMING_FEATURE_MEMBER_IMPORT_VISIBILITY = YES;
				SWIFT_VERSION = 5.0;
				TARGETED_DEVICE_FAMILY = "1,2";
				TEST_HOST = "$(BUILT_PRODUCTS_DIR)/Gita-Abhyasa.app/$(BUNDLE_EXECUTABLE_FOLDER_PATH)/Gita-Abhyasa";
			};
			name = Release;
		};
		0CEA1E752FC4D6DE00CD9B77 /* Debug */ = {
			isa = XCBuildConfiguration;
			buildSettings = {
				CODE_SIGN_STYLE = Automatic;
				CURRENT_PROJECT_VERSION = 1;
				GENERATE_INFOPLIST_FILE = YES;
				MARKETING_VERSION = 1.0;
				PRODUCT_BUNDLE_IDENTIFIER = "info.gita.abhyasa.Gita-AbhyasaUITests";
				PRODUCT_NAME = "$(TARGET_NAME)";
				STRING_CATALOG_GENERATE_SYMBOLS = NO;
				SWIFT_APPROACHABLE_CONCURRENCY = YES;
				SWIFT_EMIT_LOC_STRINGS = NO;
				SWIFT_UPCOMING_FEATURE_MEMBER_IMPORT_VISIBILITY = YES;
				SWIFT_VERSION = 5.0;
				TARGETED_DEVICE_FAMILY = "1,2";
				TEST_TARGET_NAME = "Gita-Abhyasa";
			};
			name = Debug;
		};
		0CEA1E762FC4D6DE00CD9B77 /* Release */ = {
			isa = XCBuildConfiguration;
			buildSettings = {
				CODE_SIGN_STYLE = Automatic;
				CURRENT_PROJECT_VERSION = 1;
				GENERATE_INFOPLIST_FILE = YES;
				MARKETING_VERSION = 1.0;
				PRODUCT_BUNDLE_IDENTIFIER = "info.gita.abhyasa.Gita-AbhyasaUITests";
				PRODUCT_NAME = "$(TARGET_NAME)";
				STRING_CATALOG_GENERATE_SYMBOLS = NO;
				SWIFT_APPROACHABLE_CONCURRENCY = YES;
				SWIFT_EMIT_LOC_STRINGS = NO;
				SWIFT_UPCOMING_FEATURE_MEMBER_IMPORT_VISIBILITY = YES;
				SWIFT_VERSION = 5.0;
				TARGETED_DEVICE_FAMILY = "1,2";
				TEST_TARGET_NAME = "Gita-Abhyasa";
			};
			name = Release;
		};
/* End XCBuildConfiguration section */

/* Begin XCConfigurationList section */
		0CEA1E482FC4D6DC00CD9B77 /* Build configuration list for PBXProject "Gita-Abhyasa" */ = {
			isa = XCConfigurationList;
			buildConfigurations = (
				0CEA1E6C2FC4D6DE00CD9B77 /* Debug */,
				0CEA1E6D2FC4D6DE00CD9B77 /* Release */,
			);
			defaultConfigurationIsVisible = 0;
			defaultConfigurationName = Release;
		};
		0CEA1E6E2FC4D6DE00CD9B77 /* Build configuration list for PBXNativeTarget "Gita-Abhyasa" */ = {
			isa = XCConfigurationList;
			buildConfigurations = (
				0CEA1E6F2FC4D6DE00CD9B77 /* Debug */,
				0CEA1E702FC4D6DE00CD9B77 /* Release */,
			);
			defaultConfigurationIsVisible = 0;
			defaultConfigurationName = Release;
		};
		0CEA1E712FC4D6DE00CD9B77 /* Build configuration list for PBXNativeTarget "Gita-AbhyasaTests" */ = {
			isa = XCConfigurationList;
			buildConfigurations = (
				0CEA1E722FC4D6DE00CD9B77 /* Debug */,
				0CEA1E732FC4D6DE00CD9B77 /* Release */,
			);
			defaultConfigurationIsVisible = 0;
			defaultConfigurationName = Release;
		};
		0CEA1E742FC4D6DE00CD9B77 /* Build configuration list for PBXNativeTarget "Gita-AbhyasaUITests" */ = {
			isa = XCConfigurationList;
			buildConfigurations = (
				0CEA1E752FC4D6DE00CD9B77 /* Debug */,
				0CEA1E762FC4D6DE00CD9B77 /* Release */,
			);
			defaultConfigurationIsVisible = 0;
			defaultConfigurationName = Release;
		};
/* End XCConfigurationList section */
	};
	rootObject = 0CEA1E452FC4D6DC00CD9B77 /* Project object */;
}
